
Microsoft Visual Studio Solution File, Format Version 12.00
# Visual Studio Version 16
VisualStudioVersion = 16.0.30523.141
MinimumVisualStudioVersion = 10.0.40219.1
Project("{FAE04EC0-301F-11D3-BF4B-00C04F79EFBC}") = "SteamWorkshopDownloader", "SteamWorkshopDownloader.csproj", "{C13C7A73-08C1-4E51-8083-AC519ECA2A44}"
EndProject
Global
	GlobalSection(SolutionConfigurationPlatforms) = preSolution
		Debug|Any CPU = Debug|Any CPU
		Release|Any CPU = Release|Any CPU
	EndGlobalSection
	GlobalSection(ProjectConfigurationPlatforms) = postSolution
		{C13C7A73-08C1-4E51-8083-AC519ECA2A44}.Debug|Any CPU.ActiveCfg = Debug|Any CPU
		{C13C7A73-08C1-4E51-8083-AC519ECA2A44}.Debug|Any CPU.Build.0 = Debug|Any CPU
		{C13C7A73-08C1-4E51-8083-AC519ECA2A44}.Release|Any CPU.ActiveCfg = Release|Any CPU
		{C13C7A73-08C1-4E51-8083-AC519ECA2A44}.Release|Any CPU.Build.0 = Release|Any CPU
	EndGlobalSection
	GlobalSection(SolutionProperties) = preSolution
		HideSolutionNode = FALSE
	EndGlobalSection
	GlobalSection(ExtensibilityGlobals) = postSolution
		SolutionGuid = {DA303027-F69E-45AF-812B-0596E011E8F1}
	EndGlobalSection
EndGlobal
